
Microsoft Visual Studio Solution File, Format Version 12.00
# Visual Studio Version 16
VisualStudioVersion = 16.0.31613.86
MinimumVisualStudioVersion = 10.0.40219.1
Project("{FAE04EC0-301F-11D3-BF4B-00C04F79EFBC}") = "Halo 2 Font Viewer", "Halo 2 Font Viewer\Halo 2 Font Viewer.csproj", "{7B04E91D-BAE3-4C91-B0D3-14BA00DAACC8}"
EndProject
Global
	GlobalSection(SolutionConfigurationPlatforms) = preSolution
		Debug|Any CPU = Debug|Any CPU
		Release|Any CPU = Release|Any CPU
	EndGlobalSection
	GlobalSection(ProjectConfigurationPlatforms) = postSolution
		{7B04E91D-BAE3-4C91-B0D3-14BA00DAACC8}.Debug|Any CPU.ActiveCfg = Debug|Any CPU
		{7B04E91D-BAE3-4C91-B0D3-14BA00DAACC8}.Debug|Any CPU.Build.0 = Debug|Any CPU
		{7B04E91D-BAE3-4C91-B0D3-14BA00DAACC8}.Release|Any CPU.ActiveCfg = Release|Any CPU
		{7B04E91D-BAE3-4C91-B0D3-14BA00DAACC8}.Release|Any CPU.Build.0 = Release|Any CPU
	EndGlobalSection
	GlobalSection(SolutionProperties) = preSolution
		HideSolutionNode = FALSE
	EndGlobalSection
	GlobalSection(ExtensibilityGlobals) = postSolution
		SolutionGuid = {256A4D0B-5BCD-44ED-8F4B-D4DABA7E437A}
	EndGlobalSection
EndGlobal
